{
  "nodes": {
    "nixpkgs": {
      "locked": {
        "lastModified": 1690860117,
        "narHash": "sha256-srkCfjMlg777HxDVMfhkIFgRhhtuZjIOIyR2ejLYK+Y=",
        "owner": "nixos",
        "repo": "nixpkgs",
        "rev": "96d403ee2479f2070050353b94808209f1352edb",
        "type": "github"
      },
      "original": {
        "owner": "nixos",
        "ref": "nixpkgs-unstable",
        "repo": "nixpkgs",
        "type": "github"
      }
    },
    "root": {
      "inputs": {
        "nixpkgs": "nixpkgs"
      }
    }
  },
  "root": "root",
  "version": 7
}
